
Microsoft Visual Studio Solution File, Format Version 12.00
# Visual Studio Version 16
VisualStudioVersion = 16.0.28803.202
MinimumVisualStudioVersion = 10.0.40219.1
Project("{2150E333-8FDC-42A3-9474-1A3956D46DE8}") = "src", "src", "{40E44599-1D4A-4995-ADCD-DB2501303822}"
EndProject
Project("{2150E333-8FDC-42A3-9474-1A3956D46DE8}") = "API", "API", "{E72F3538-5DC6-4832-8073-8056D2C53BE3}"
EndProject
Project("{9A19103F-16F7-4668-BE54-9A1E7A4F7556}") = "WeatherDashboard.API", "WeatherDashboard.API\WeatherDashboard.API.csproj", "{30A130FC-68AC-4650-8A2E-C9D380919787}"
EndProject
Project("{2150E333-8FDC-42A3-9474-1A3956D46DE8}") = "Common", "Common", "{AA21F4C4-56F6-4C27-9A11-EC27E5B9A647}"
EndProject
Project("{9A19103F-16F7-4668-BE54-9A1E7A4F7556}") = "WeatherDashboard.DTO", "WeatherDashboard.DTO\WeatherDashboard.DTO.csproj", "{9004C4E8-7048-4369-9205-60AE8D43638C}"
EndProject
Project("{9A19103F-16F7-4668-BE54-9A1E7A4F7556}") = "WeatherDashboard.Contracts", "WeatherDashboard.Contracts\WeatherDashboard.Contracts.csproj", "{2ED335BB-CA8D-4E44-A3D6-30F9C1969C1A}"
EndProject
Project("{2150E333-8FDC-42A3-9474-1A3956D46DE8}") = "Tests", "Tests", "{FA763ED7-483D-401E-A3F1-08930C618E28}"
EndProject
Project("{9A19103F-16F7-4668-BE54-9A1E7A4F7556}") = "WeatherDashboard.Contracts.Tests", "WeatherDashboard.Contracts.Tests\WeatherDashboard.Contracts.Tests.csproj", "{64FAC476-692F-4066-92BA-4325B9D84FFD}"
EndProject
Project("{2150E333-8FDC-42A3-9474-1A3956D46DE8}") = "UI", "UI", "{09607672-4B41-4046-AE43-B628A6B78AB4}"
EndProject
Project("{FAE04EC0-301F-11D3-BF4B-00C04F79EFBC}") = "WeatherDashboard.UWP", "WeatherDashboard.UWP\WeatherDashboard.UWP.csproj", "{274200C3-5656-4D7F-A7BF-690260B6519B}"
EndProject
Project("{FAE04EC0-301F-11D3-BF4B-00C04F79EFBC}") = "WeatherDashboard.WinForms", "WeatherDashboard.WinForms\WeatherDashboard.WinForms.csproj", "{76DF2013-8550-44FE-A2B5-A4EBCBAF6D2B}"
EndProject
Global
	GlobalSection(SolutionConfigurationPlatforms) = preSolution
		Debug|Any CPU = Debug|Any CPU
		Debug|ARM = Debug|ARM
		Debug|ARM64 = Debug|ARM64
		Debug|x64 = Debug|x64
		Debug|x86 = Debug|x86
		Release|Any CPU = Release|Any CPU
		Release|ARM = Release|ARM
		Release|ARM64 = Release|ARM64
		Release|x64 = Release|x64
		Release|x86 = Release|x86
	EndGlobalSection
	GlobalSection(ProjectConfigurationPlatforms) = postSolution
		{30A130FC-68AC-4650-8A2E-C9D380919787}.Debug|Any CPU.ActiveCfg = Debug|Any CPU
		{30A130FC-68AC-4650-8A2E-C9D380919787}.Debug|Any CPU.Build.0 = Debug|Any CPU
		{30A130FC-68AC-4650-8A2E-C9D380919787}.Debug|ARM.ActiveCfg = Debug|Any CPU
		{30A130FC-68AC-4650-8A2E-C9D380919787}.Debug|ARM.Build.0 = Debug|Any CPU
		{30A130FC-68AC-4650-8A2E-C9D380919787}.Debug|ARM64.ActiveCfg = Debug|Any CPU
		{30A130FC-68AC-4650-8A2E-C9D380919787}.Debug|ARM64.Build.0 = Debug|Any CPU
		{30A130FC-68AC-4650-8A2E-C9D380919787}.Debug|x64.ActiveCfg = Debug|Any CPU
		{30A130FC-68AC-4650-8A2E-C9D380919787}.Debug|x64.Build.0 = Debug|Any CPU
		{30A130FC-68AC-4650-8A2E-C9D380919787}.Debug|x86.ActiveCfg = Debug|Any CPU
		{30A130FC-68AC-4650-8A2E-C9D380919787}.Debug|x86.Build.0 = Debug|Any CPU
		{30A130FC-68AC-4650-8A2E-C9D380919787}.Release|Any CPU.ActiveCfg = Release|Any CPU
		{30A130FC-68AC-4650-8A2E-C9D380919787}.Release|Any CPU.Build.0 = Release|Any CPU
		{30A130FC-68AC-4650-8A2E-C9D380919787}.Release|ARM.ActiveCfg = Release|Any CPU
		{30A130FC-68AC-4650-8A2E-C9D380919787}.Release|ARM.Build.0 = Release|Any CPU
		{30A130FC-68AC-4650-8A2E-C9D380919787}.Release|ARM64.ActiveCfg = Release|Any CPU
		{30A130FC-68AC-4650-8A2E-C9D380919787}.Release|ARM64.Build.0 = Release|Any CPU
		{30A130FC-68AC-4650-8A2E-C9D380919787}.Release|x64.ActiveCfg = Release|Any CPU
		{30A130FC-68AC-4650-8A2E-C9D380919787}.Release|x64.Build.0 = Release|Any CPU
		{30A130FC-68AC-4650-8A2E-C9D380919787}.Release|x86.ActiveCfg = Release|Any CPU
		{30A130FC-68AC-4650-8A2E-C9D380919787}.Release|x86.Build.0 = Release|Any CPU
		{9004C4E8-7048-4369-9205-60AE8D43638C}.Debug|Any CPU.ActiveCfg = Debug|Any CPU
		{9004C4E8-7048-4369-9205-60AE8D43638C}.Debug|Any CPU.Build.0 = Debug|Any CPU
		{9004C4E8-7048-4369-9205-60AE8D43638C}.Debug|ARM.ActiveCfg = Debug|Any CPU
		{9004C4E8-7048-4369-9205-60AE8D43638C}.Debug|ARM.Build.0 = Debug|Any CPU
		{9004C4E8-7048-4369-9205-60AE8D43638C}.Debug|ARM64.ActiveCfg = Debug|Any CPU
		{9004C4E8-7048-4369-9205-60AE8D43638C}.Debug|ARM64.Build.0 = Debug|Any CPU
		{9004C4E8-7048-4369-9205-60AE8D43638C}.Debug|x64.ActiveCfg = Debug|Any CPU
		{9004C4E8-7048-4369-9205-60AE8D43638C}.Debug|x64.Build.0 = Debug|Any CPU
		{9004C4E8-7048-4369-9205-60AE8D43638C}.Debug|x86.ActiveCfg = Debug|Any CPU
		{9004C4E8-7048-4369-9205-60AE8D43638C}.Debug|x86.Build.0 = Debug|Any CPU
		{9004C4E8-7048-4369-9205-60AE8D43638C}.Release|Any CPU.ActiveCfg = Release|Any CPU
		{9004C4E8-7048-4369-9205-60AE8D43638C}.Release|Any CPU.Build.0 = Release|Any CPU
		{9004C4E8-7048-4369-9205-60AE8D43638C}.Release|ARM.ActiveCfg = Release|Any CPU
		{9004C4E8-7048-4369-9205-60AE8D43638C}.Release|ARM.Build.0 = Release|Any CPU
		{9004C4E8-7048-4369-9205-60AE8D43638C}.Release|ARM64.ActiveCfg = Release|Any CPU
		{9004C4E8-7048-4369-9205-60AE8D43638C}.Release|ARM64.Build.0 = Release|Any CPU
		{9004C4E8-7048-4369-9205-60AE8D43638C}.Release|x64.ActiveCfg = Release|Any CPU
		{9004C4E8-7048-4369-9205-60AE8D43638C}.Release|x64.Build.0 = Release|Any CPU
		{9004C4E8-7048-4369-9205-60AE8D43638C}.Release|x86.ActiveCfg = Release|Any CPU
		{9004C4E8-7048-4369-9205-60AE8D43638C}.Release|x86.Build.0 = Release|Any CPU
		{2ED335BB-CA8D-4E44-A3D6-30F9C1969C1A}.Debug|Any CPU.ActiveCfg = Debug|Any CPU
		{2ED335BB-CA8D-4E44-A3D6-30F9C1969C1A}.Debug|Any CPU.Build.0 = Debug|Any CPU
		{2ED335BB-CA8D-4E44-A3D6-30F9C1969C1A}.Debug|ARM.ActiveCfg = Debug|Any CPU
		{2ED335BB-CA8D-4E44-A3D6-30F9C1969C1A}.Debug|ARM.Build.0 = Debug|Any CPU
		{2ED335BB-CA8D-4E44-A3D6-30F9C1969C1A}.Debug|ARM64.ActiveCfg = Debug|Any CPU
		{2ED335BB-CA8D-4E44-A3D6-30F9C1969C1A}.Debug|ARM64.Build.0 = Debug|Any CPU
		{2ED335BB-CA8D-4E44-A3D6-30F9C1969C1A}.Debug|x64.ActiveCfg = Debug|Any CPU
		{2ED335BB-CA8D-4E44-A3D6-30F9C1969C1A}.Debug|x64.Build.0 = Debug|Any CPU
		{2ED335BB-CA8D-4E44-A3D6-30F9C1969C1A}.Debug|x86.ActiveCfg = Debug|Any CPU
		{2ED335BB-CA8D-4E44-A3D6-30F9C1969C1A}.Debug|x86.Build.0 = Debug|Any CPU
		{2ED335BB-CA8D-4E44-A3D6-30F9C1969C1A}.Release|Any CPU.ActiveCfg = Release|Any CPU
		{2ED335BB-CA8D-4E44-A3D6-30F9C1969C1A}.Release|Any CPU.Build.0 = Release|Any CPU
		{2ED335BB-CA8D-4E44-A3D6-30F9C1969C1A}.Release|ARM.ActiveCfg = Release|Any CPU
		{2ED335BB-CA8D-4E44-A3D6-30F9C1969C1A}.Release|ARM.Build.0 = Release|Any CPU
		{2ED335BB-CA8D-4E44-A3D6-30F9C1969C1A}.Release|ARM64.ActiveCfg = Release|Any CPU
		{2ED335BB-CA8D-4E44-A3D6-30F9C1969C1A}.Release|ARM64.Build.0 = Release|Any CPU
		{2ED335BB-CA8D-4E44-A3D6-30F9C1969C1A}.Release|x64.ActiveCfg = Release|Any CPU
		{2ED335BB-CA8D-4E44-A3D6-30F9C1969C1A}.Release|x64.Build.0 = Release|Any CPU
		{2ED335BB-CA8D-4E44-A3D6-30F9C1969C1A}.Release|x86.ActiveCfg = Release|Any CPU
		{2ED335BB-CA8D-4E44-A3D6-30F9C1969C1A}.Release|x86.Build.0 = Release|Any CPU
		{64FAC476-692F-4066-92BA-4325B9D84FFD}.Debug|Any CPU.ActiveCfg = Debug|Any CPU
		{64FAC476-692F-4066-92BA-4325B9D84FFD}.Debug|Any CPU.Build.0 = Debug|Any CPU
		{64FAC476-692F-4066-92BA-4325B9D84FFD}.Debug|ARM.ActiveCfg = Debug|Any CPU
		{64FAC476-692F-4066-92BA-4325B9D84FFD}.Debug|ARM.Build.0 = Debug|Any CPU
		{64FAC476-692F-4066-92BA-4325B9D84FFD}.Debug|ARM64.ActiveCfg = Debug|Any CPU
		{64FAC476-692F-4066-92BA-4325B9D84FFD}.Debug|ARM64.Build.0 = Debug|Any CPU
		{64FAC476-692F-4066-92BA-4325B9D84FFD}.Debug|x64.ActiveCfg = Debug|Any CPU
		{64FAC476-692F-4066-92BA-4325B9D84FFD}.Debug|x64.Build.0 = Debug|Any CPU
		{64FAC476-692F-4066-92BA-4325B9D84FFD}.Debug|x86.ActiveCfg = Debug|Any CPU
		{64FAC476-692F-4066-92BA-4325B9D84FFD}.Debug|x86.Build.0 = Debug|Any CPU
		{64FAC476-692F-4066-92BA-4325B9D84FFD}.Release|Any CPU.ActiveCfg = Release|Any CPU
		{64FAC476-692F-4066-92BA-4325B9D84FFD}.Release|Any CPU.Build.0 = Release|Any CPU
		{64FAC476-692F-4066-92BA-4325B9D84FFD}.Release|ARM.ActiveCfg = Release|Any CPU
		{64FAC476-692F-4066-92BA-4325B9D84FFD}.Release|ARM.Build.0 = Release|Any CPU
		{64FAC476-692F-4066-92BA-4325B9D84FFD}.Release|ARM64.ActiveCfg = Release|Any CPU
		{64FAC476-692F-4066-92BA-4325B9D84FFD}.Release|ARM64.Build.0 = Release|Any CPU
		{64FAC476-692F-4066-92BA-4325B9D84FFD}.Release|x64.ActiveCfg = Release|Any CPU
		{64FAC476-692F-4066-92BA-4325B9D84FFD}.Release|x64.Build.0 = Release|Any CPU
		{64FAC476-692F-4066-92BA-4325B9D84FFD}.Release|x86.ActiveCfg = Release|Any CPU
		{64FAC476-692F-4066-92BA-4325B9D84FFD}.Release|x86.Build.0 = Release|Any CPU
		{274200C3-5656-4D7F-A7BF-690260B6519B}.Debug|Any CPU.ActiveCfg = Debug|x86
		{274200C3-5656-4D7F-A7BF-690260B6519B}.Debug|ARM.ActiveCfg = Debug|ARM
		{274200C3-5656-4D7F-A7BF-690260B6519B}.Debug|ARM.Build.0 = Debug|ARM
		{274200C3-5656-4D7F-A7BF-690260B6519B}.Debug|ARM.Deploy.0 = Debug|ARM
		{274200C3-5656-4D7F-A7BF-690260B6519B}.Debug|ARM64.ActiveCfg = Debug|ARM64
		{274200C3-5656-4D7F-A7BF-690260B6519B}.Debug|ARM64.Build.0 = Debug|ARM64
		{274200C3-5656-4D7F-A7BF-690260B6519B}.Debug|ARM64.Deploy.0 = Debug|ARM64
		{274200C3-5656-4D7F-A7BF-690260B6519B}.Debug|x64.ActiveCfg = Debug|x64
		{274200C3-5656-4D7F-A7BF-690260B6519B}.Debug|x64.Build.0 = Debug|x64
		{274200C3-5656-4D7F-A7BF-690260B6519B}.Debug|x64.Deploy.0 = Debug|x64
		{274200C3-5656-4D7F-A7BF-690260B6519B}.Debug|x86.ActiveCfg = Debug|x86
		{274200C3-5656-4D7F-A7BF-690260B6519B}.Debug|x86.Build.0 = Debug|x86
		{274200C3-5656-4D7F-A7BF-690260B6519B}.Debug|x86.Deploy.0 = Debug|x86
		{274200C3-5656-4D7F-A7BF-690260B6519B}.Release|Any CPU.ActiveCfg = Release|x86
		{274200C3-5656-4D7F-A7BF-690260B6519B}.Release|ARM.ActiveCfg = Release|ARM
		{274200C3-5656-4D7F-A7BF-690260B6519B}.Release|ARM.Build.0 = Release|ARM
		{274200C3-5656-4D7F-A7BF-690260B6519B}.Release|ARM.Deploy.0 = Release|ARM
		{274200C3-5656-4D7F-A7BF-690260B6519B}.Release|ARM64.ActiveCfg = Release|ARM64
		{274200C3-5656-4D7F-A7BF-690260B6519B}.Release|ARM64.Build.0 = Release|ARM64
		{274200C3-5656-4D7F-A7BF-690260B6519B}.Release|ARM64.Deploy.0 = Release|ARM64
		{274200C3-5656-4D7F-A7BF-690260B6519B}.Release|x64.ActiveCfg = Release|x64
		{274200C3-5656-4D7F-A7BF-690260B6519B}.Release|x64.Build.0 = Release|x64
		{274200C3-5656-4D7F-A7BF-690260B6519B}.Release|x64.Deploy.0 = Release|x64
		{274200C3-5656-4D7F-A7BF-690260B6519B}.Release|x86.ActiveCfg = Release|x86
		{274200C3-5656-4D7F-A7BF-690260B6519B}.Release|x86.Build.0 = Release|x86
		{274200C3-5656-4D7F-A7BF-690260B6519B}.Release|x86.Deploy.0 = Release|x86
		{76DF2013-8550-44FE-A2B5-A4EBCBAF6D2B}.Debug|Any CPU.ActiveCfg = Debug|Any CPU
		{76DF2013-8550-44FE-A2B5-A4EBCBAF6D2B}.Debug|Any CPU.Build.0 = Debug|Any CPU
		{76DF2013-8550-44FE-A2B5-A4EBCBAF6D2B}.Debug|ARM.ActiveCfg = Debug|Any CPU
		{76DF2013-8550-44FE-A2B5-A4EBCBAF6D2B}.Debug|ARM.Build.0 = Debug|Any CPU
		{76DF2013-8550-44FE-A2B5-A4EBCBAF6D2B}.Debug|ARM64.ActiveCfg = Debug|Any CPU
		{76DF2013-8550-44FE-A2B5-A4EBCBAF6D2B}.Debug|ARM64.Build.0 = Debug|Any CPU
		{76DF2013-8550-44FE-A2B5-A4EBCBAF6D2B}.Debug|x64.ActiveCfg = Debug|Any CPU
		{76DF2013-8550-44FE-A2B5-A4EBCBAF6D2B}.Debug|x64.Build.0 = Debug|Any CPU
		{76DF2013-8550-44FE-A2B5-A4EBCBAF6D2B}.Debug|x86.ActiveCfg = Debug|Any CPU
		{76DF2013-8550-44FE-A2B5-A4EBCBAF6D2B}.Debug|x86.Build.0 = Debug|Any CPU
		{76DF2013-8550-44FE-A2B5-A4EBCBAF6D2B}.Release|Any CPU.ActiveCfg = Release|Any CPU
		{76DF2013-8550-44FE-A2B5-A4EBCBAF6D2B}.Release|Any CPU.Build.0 = Release|Any CPU
		{76DF2013-8550-44FE-A2B5-A4EBCBAF6D2B}.Release|ARM.ActiveCfg = Release|Any CPU
		{76DF2013-8550-44FE-A2B5-A4EBCBAF6D2B}.Release|ARM.Build.0 = Release|Any CPU
		{76DF2013-8550-44FE-A2B5-A4EBCBAF6D2B}.Release|ARM64.ActiveCfg = Release|Any CPU
		{76DF2013-8550-44FE-A2B5-A4EBCBAF6D2B}.Release|ARM64.Build.0 = Release|Any CPU
		{76DF2013-8550-44FE-A2B5-A4EBCBAF6D2B}.Release|x64.ActiveCfg = Release|Any CPU
		{76DF2013-8550-44FE-A2B5-A4EBCBAF6D2B}.Release|x64.Build.0 = Release|Any CPU
		{76DF2013-8550-44FE-A2B5-A4EBCBAF6D2B}.Release|x86.ActiveCfg = Release|Any CPU
		{76DF2013-8550-44FE-A2B5-A4EBCBAF6D2B}.Release|x86.Build.0 = Release|Any CPU
	EndGlobalSection
	GlobalSection(SolutionProperties) = preSolution
		HideSolutionNode = FALSE
	EndGlobalSection
	GlobalSection(NestedProjects) = preSolution
		{E72F3538-5DC6-4832-8073-8056D2C53BE3} = {40E44599-1D4A-4995-ADCD-DB2501303822}
		{30A130FC-68AC-4650-8A2E-C9D380919787} = {E72F3538-5DC6-4832-8073-8056D2C53BE3}
		{AA21F4C4-56F6-4C27-9A11-EC27E5B9A647} = {40E44599-1D4A-4995-ADCD-DB2501303822}
		{9004C4E8-7048-4369-9205-60AE8D43638C} = {AA21F4C4-56F6-4C27-9A11-EC27E5B9A647}
		{2ED335BB-CA8D-4E44-A3D6-30F9C1969C1A} = {AA21F4C4-56F6-4C27-9A11-EC27E5B9A647}
		{FA763ED7-483D-401E-A3F1-08930C618E28} = {40E44599-1D4A-4995-ADCD-DB2501303822}
		{64FAC476-692F-4066-92BA-4325B9D84FFD} = {FA763ED7-483D-401E-A3F1-08930C618E28}
		{09607672-4B41-4046-AE43-B628A6B78AB4} = {40E44599-1D4A-4995-ADCD-DB2501303822}
		{274200C3-5656-4D7F-A7BF-690260B6519B} = {09607672-4B41-4046-AE43-B628A6B78AB4}
		{76DF2013-8550-44FE-A2B5-A4EBCBAF6D2B} = {09607672-4B41-4046-AE43-B628A6B78AB4}
	EndGlobalSection
	GlobalSection(ExtensibilityGlobals) = postSolution
		SolutionGuid = {FE2579E5-AA0F-4CDB-9A8C-93702D8480F4}
	EndGlobalSection
EndGlobal
